{
    "_readme": [
        "This file locks the dependencies of your project to a known state",
        "Read more about it at http://getcomposer.org/doc/01-basic-usage.md#composer-lock-the-lock-file"
    ],
    "hash": "4afe46cd010b58b6af747ee8499fad56",
    "packages": [
        {
            "name": "composer/installers",
            "version": "v1.0.6",
            "source": {
                "type": "git",
                "url": "https://github.com/composer/installers.git",
                "reference": "b3bd071ea114a57212c75aa6a2eef5cfe0cc798f"
            },
            "dist": {
                "type": "zip",
                "url": "https://api.github.com/repos/composer/installers/zipball/b3bd071ea114a57212c75aa6a2eef5cfe0cc798f",
                "reference": "b3bd071ea114a57212c75aa6a2eef5cfe0cc798f",
                "shasum": ""
            },
            "replace": {
                "shama/baton": "*"
            },
            "require-dev": {
                "composer/composer": "1.0.*@dev",
                "phpunit/phpunit": "3.7.*"
            },
            "type": "composer-installer",
            "extra": {
                "class": "Composer\\Installers\\Installer",
                "branch-alias": {
                    "dev-master": "1.0-dev"
                }
            },
            "autoload": {
                "psr-0": {
                    "Composer\\Installers\\": "src/"
                }
            },
            "notification-url": "https://packagist.org/downloads/",
            "license": [
                "MIT"
            ],
            "authors": [
                {
                    "name": "Kyle Robinson Young",
                    "email": "kyle@dontkry.com",
                    "homepage": "https://github.com/shama",
                    "role": "Developer"
                }
            ],
            "description": "A multi-framework Composer library installer",
            "homepage": "http://composer.github.com/installers/",
            "keywords": [
                "TYPO3 CMS",
                "TYPO3 Flow",
                "TYPO3 Neos",
                "agl",
                "cakephp",
                "codeigniter",
                "drupal",
                "fuelphp",
                "installer",
                "joomla",
                "kohana",
                "laravel",
                "li3",
                "lithium",
                "mako",
                "modulework",
                "phpbb",
                "ppi",
                "silverstripe",
                "symfony",
                "wordpress",
                "zend"
            ],
            "time": "2013-08-20 04:37:09"
        },
        {
            "name": "willdurand/geocoder",
            "version": "dev-master",
            "source": {
                "type": "git",
                "url": "https://github.com/geocoder-php/Geocoder.git",
                "reference": "5d4db0d449ff95ae9d159445052b6611d8a1500c"
            },
            "dist": {
                "type": "zip",
                "url": "https://api.github.com/repos/geocoder-php/Geocoder/zipball/5d4db0d449ff95ae9d159445052b6611d8a1500c",
                "reference": "5d4db0d449ff95ae9d159445052b6611d8a1500c",
                "shasum": ""
            },
            "require": {
                "php": ">=5.3.0"
            },
            "require-dev": {
                "geoip/geoip": "~1.13",
                "guzzle/guzzle": "@stable",
                "kriswallsmith/buzz": "@stable",
                "zendframework/zend-http": "~2.1"
            },
            "suggest": {
                "ext-curl": "Enabling the curl extension allows you to use the CurlHttpAdapter.",
                "ext-geoip": "Enabling the geoip extension allows you to use the MaxMindProvider.",
                "geoip/geoip": "If you are going to use the MaxMindBinaryProvider (conflict with geoip extension).",
                "guzzle/guzzle": "Enabling Guzzle allows you to use the GuzzleHttpAdapter.",
                "kriswallsmith/buzz": "Enabling Buzz allows you to use the BuzzHttpAdapter.",
                "zendframework/zend-http": "Enabling Zend Http allows you to use the ZendHttpAdapter."
            },
            "type": "library",
            "extra": {
                "branch-alias": {
                    "dev-master": "2.3-dev"
                }
            },
            "autoload": {
                "psr-0": {
                    "Geocoder": "src/"
                }
            },
            "notification-url": "https://packagist.org/downloads/",
            "license": [
                "MIT"
            ],
            "authors": [
                {
                    "name": "William Durand",
                    "email": "william.durand1@gmail.com",
                    "homepage": "http://www.willdurand.fr"
                }
            ],
            "description": "The almost missing Geocoder PHP 5.3 library.",
            "homepage": "http://geocoder-php.org",
            "keywords": [
                "abstraction",
                "geocoder",
                "geocoding",
                "geoip"
            ],
            "time": "2013-10-18 07:40:08"
        }
    ],
    "packages-dev": [

    ],
    "aliases": [

    ],
    "minimum-stability": "stable",
    "stability-flags": {
        "willdurand/geocoder": 20
    },
    "platform": {
        "php": ">=5.3"
    },
    "platform-dev": [

    ]
}
